bazil.org/fuse v0.0.0-20230120002735-62a210ff1fd5 h1:A0NsYy4lDBZAC6QiYeJ4N+XuHIKBpyhAVRMHRQZKTeQ=
bazil.org/fuse v0.0.0-20230120002735-62a210ff1fd5/go.mod h1:gG3RZAMXCa/OTes6rr9EwusmR1OH1tDDy+cg9c5YliY=
github.com/lgarithm/go v0.0.0-20230108194319-abf8008ecd81 h1:GFGlLe+MAKlSJYw3peERfTyLbv86tzf8YLEL3AVSPu4=
github.com/lgarithm/go v0.0.0-20230108194319-abf8008ecd81/go.mod h1:FA2Pf2Af/7iMNJEuHDI79ywTadX28XifXiqO4kkVSIc=
github.com/lgarithm/proc v0.4.4-0.20240115142801-817668068ff8 h1:7Ss2XRvXFR0LBlJEdxI1lcmkimuXJqkuOk2bFA3xFmk=
github.com/lgarithm/proc v0.4.4-0.20240115142801-817668068ff8/go.mod h1:8Eqa3ExkUYuyj/GwamAMgH09IAO1p7TL29wpeaPgSNg=
github.com/lsds/KungFu v0.2.5 h1:2SJ/PMTcvLLhBZABAbR760c+QzWrCF8qZUqK1xDJiqM=
github.com/lsds/KungFu v0.2.5/go.mod h1:FdILPtKYV4/ShJ38H7WbDunoKQ8l3Q4mJckRfqVbJn4=
github.com/tv42/httpunix v0.0.0-20191220191345-2ba4b9c3382c h1:u6SKchux2yDvFQnDHS3lPnIRmfVJ5Sxy3ao2SIdysLQ=
golang.org/x/crypto v0.18.0 h1:PGVlW0xEltQnzFZ55hkuX5+KLyrMYhHld1YHO4AKcdc=
golang.org/x/crypto v0.18.0/go.mod h1:R0j02AL6hcrfOiy9T4ZYp/rcWeMxM3L6QYxlOuEG1mg=
golang.org/x/exp v0.0.0-20240112132812-db7319d0e0e3 h1:hNQpMuAJe5CtcUqCXaWga3FHu+kQvCqcsoVaQgSV60o=
golang.org/x/exp v0.0.0-20240112132812-db7319d0e0e3/go.mod h1:idGWGoKP1toJGkd5/ig9ZLuPcZBC3ewk7SzmH0uou08=
golang.org/x/sync v0.6.0 h1:5BMeUDZ7vkXGfEr1x9B4bRcTH4lpkTkpdh0T/J+qjbQ=
golang.org/x/sync v0.6.0/go.mod h1:Czt+wKu1gCyEFDUtn0jG5QVvpJ6rzVqr5aXyt9drQfk=
golang.org/x/sys v0.16.0 h1:xWw16ngr6ZMtmxDyKyIgsE93KNKz5HKmMa3b8ALHidU=
golang.org/x/sys v0.16.0/go.mod h1:/VUhepiaJMQUp4+oa/7Zr1D23ma6VTLIYjOOTFZPUcA=
golang.org/x/term v0.16.0 h1:m+B6fahuftsE9qjo0VWp2FW0mB3MTJvR0BaMQrq0pmE=
