bazil.org/fuse v0.0.0-20230120002735-62a210ff1fd5 h1:A0NsYy4lDBZAC6QiYeJ4N+XuHIKBpyhAVRMHRQZKTeQ=
bazil.org/fuse v0.0.0-20230120002735-62a210ff1fd5/go.mod h1:gG3RZAMXCa/OTes6rr9EwusmR1OH1tDDy+cg9c5YliY=
github.com/kungfu-team/mlfs v0.0.2-alpha h1:Jc2JyTTmmIkaOz5IqofVwdJiCnoas5n/0iJ7m+WFEJA=
github.com/kungfu-team/mlfs v0.0.2-alpha/go.mod h1:uveOkNAvRcFEJeOgBJ+hXmu7apnKNGtllTuFXa+irkY=
github.com/kungfu-team/mlfs v0.0.2-alpha.0.20230929135332-eb8d639a14f8/go.mod h1:uveOkNAvRcFEJeOgBJ+hXmu7apnKNGtllTuFXa+irkY=
github.com/kungfu-team/mlfs v0.0.2-alpha.0.20231017134827-0bcbd7be049b h1:uNFZGKvGlbkQ3g/QI7tq2mm+BLhCqbRKnEQeCZln4Es=
github.com/kungfu-team/mlfs v0.0.2-alpha.0.20231017134827-0bcbd7be049b/go.mod h1:uveOkNAvRcFEJeOgBJ+hXmu7apnKNGtllTuFXa+irkY=
github.com/kungfu-team/state-migrator/go v0.0.0-20230913133103-86dd3fcc3a0d/go.mod h1:2RKqQZADAf05GU5CvRpJU7S6NmagbEELsq8SZXyRh6Q=
github.com/kungfu-team/state-migrator/go v0.0.0-20231018112959-4ceeed8b0bab h1:QXarrtBKDQEGt3/gy7Czm6Imkk5HB8gFcwd44fTOkq8=
github.com/kungfu-team/state-migrator/go v0.0.0-20231018112959-4ceeed8b0bab/go.mod h1:uaGS2g1XmrlXfH/PfZA0441gBKQJahfblsThU/piqdo=
github.com/kungfu-team/tenplex-run v0.0.2-alpha.0.20230925091316-8d77c40f855c/go.mod h1:4GkDQd+LlQW5ctPFdqdPfGNtiC91g3VQqkMg0kLPNJQ=
github.com/kungfu-team/tenplex-run v0.0.2-alpha.0.20231018153735-9a3c01fddff8 h1:T18/IWkOXtFzoi9RMy+QWve1ahIonq9s0eyPp5BJAjw=
github.com/kungfu-team/tenplex-run v0.0.2-alpha.0.20231018153735-9a3c01fddff8/go.mod h1:tIEapLt1M6hov49p37NAn57Os1QxasQzJp+UaqV4N4Y=
github.com/kungfu-team/tenplex-run v0.0.2-alpha.0.20231019112541-4e75b0840e5e h1:atrBwMYzzrJZNFAvHDPvNijLVLg9darB3CrM7wfnaqI=
github.com/kungfu-team/tenplex-run v0.0.2-alpha.0.20231019112541-4e75b0840e5e/go.mod h1:o2wzfLYQD7/upkmRjJkrsoqSkl1l0y1xVfqyZ4e5KrA=
github.com/kungfu-team/tenplex-run v0.0.2-alpha.0.20231031080338-a2c5eaf67100 h1:zOYXawxXB8YjUpIKuah57A2xznDMRPkPR0WqP0uxQKQ=
github.com/kungfu-team/tenplex-run v0.0.2-alpha.0.20231031080338-a2c5eaf67100/go.mod h1:o2wzfLYQD7/upkmRjJkrsoqSkl1l0y1xVfqyZ4e5KrA=
github.com/kungfu-team/tenplex-run v0.0.2-alpha.0.20231031080534-21043acaade1 h1:YY2KFpfwtQj/kBaWtcZRBHzgU3dckQcO5gg6ScZrEMM=
github.com/kungfu-team/tenplex-run v0.0.2-alpha.0.20231031080534-21043acaade1/go.mod h1:o2wzfLYQD7/upkmRjJkrsoqSkl1l0y1xVfqyZ4e5KrA=
github.com/kungfu-team/tenplex-run v0.0.2-alpha.0.20231101215145-d09b869c0a84 h1:2fgBTNYhAFdPz25qRFvD3iCwbxNeCQKR5MUmzu082iY=
github.com/kungfu-team/tenplex-run v0.0.2-alpha.0.20231101215145-d09b869c0a84/go.mod h1:o2wzfLYQD7/upkmRjJkrsoqSkl1l0y1xVfqyZ4e5KrA=
github.com/kungfu-team/tensor v0.0.1 h1:QOEarsBlyjI52sNYUC1gfhemCjXHHqCiao+D1uccWCE=
github.com/kungfu-team/tensor v0.0.1/go.mod h1:b9olEYHzmcoLPNs8hPRfAup3r78QumiNXuqBjxX85bs=
github.com/lgarithm/go v0.0.0-20230108194319-abf8008ecd81 h1:GFGlLe+MAKlSJYw3peERfTyLbv86tzf8YLEL3AVSPu4=
github.com/lgarithm/go v0.0.0-20230108194319-abf8008ecd81/go.mod h1:FA2Pf2Af/7iMNJEuHDI79ywTadX28XifXiqO4kkVSIc=
github.com/lgarithm/proc v0.4.3-0.20230130140337-f54850329c26/go.mod h1:8Eqa3ExkUYuyj/GwamAMgH09IAO1p7TL29wpeaPgSNg=
github.com/lgarithm/proc v0.4.3-0.20230227162014-0d331e9a0e11 h1:LLzhzdI90rPaC0fTxEeOiFgkxgOqbtjmH0SXgJ/jSkE=
github.com/lgarithm/proc v0.4.3-0.20230227162014-0d331e9a0e11/go.mod h1:8Eqa3ExkUYuyj/GwamAMgH09IAO1p7TL29wpeaPgSNg=
github.com/lgarithm/proc v0.4.3-0.20231019105600-69a9f17bb0e3 h1:yDSUmCDQHVXrpydeXdIWIKIJpAa97X3QmzjuAavAogY=
github.com/lgarithm/proc v0.4.3-0.20231019105600-69a9f17bb0e3/go.mod h1:8Eqa3ExkUYuyj/GwamAMgH09IAO1p7TL29wpeaPgSNg=
golang.org/x/crypto v0.5.0/go.mod h1:NK/OQwhpMQP3MwtdjgLlYHnH9ebylxKWv3e0fK+mkQU=
golang.org/x/crypto v0.14.0 h1:wBqGXzWJW6m1XrIKlAH0Hs1JJ7+9KBwnIO8v66Q9cHc=
golang.org/x/crypto v0.14.0/go.mod h1:MVFd36DqK4CsrnJYDkBA3VC4m2GkXAM0PvzMCn4JQf4=
golang.org/x/exp v0.0.0-20231006140011-7918f672742d h1:jtJma62tbqLibJ5sFQz8bKtEM8rJBtfilJ2qTU199MI=
golang.org/x/exp v0.0.0-20231006140011-7918f672742d/go.mod h1:ldy0pHrwJyGW56pPQzzkH36rKxoZW1tw7ZJpeKx+hdo=
golang.org/x/sync v0.4.0 h1:zxkM55ReGkDlKSM+Fu41A+zmbZuaPVbGMzvvdUPznYQ=
golang.org/x/sync v0.4.0/go.mod h1:FU7BRWz2tNW+3quACPkgCx/L+uEAv1htQ0V83Z9Rj+Y=
golang.org/x/sys v0.4.0/go.mod h1:oPkhp1MJrh7nUepCBck5+mAzfO9JrbApNNgaTdGDITg=
golang.org/x/sys v0.13.0 h1:Af8nKPmuFypiUBjVoU9V20FiaFXOcuZI21p0ycVYYGE=
golang.org/x/sys v0.13.0/go.mod h1:oPkhp1MJrh7nUepCBck5+mAzfO9JrbApNNgaTdGDITg=
