bazil.org/fuse v0.0.0-20230120002735-62a210ff1fd5 h1:A0NsYy4lDBZAC6QiYeJ4N+XuHIKBpyhAVRMHRQZKTeQ=
bazil.org/fuse v0.0.0-20230120002735-62a210ff1fd5/go.mod h1:gG3RZAMXCa/OTes6rr9EwusmR1OH1tDDy+cg9c5YliY=
github.com/kungfu-team/mlfs v0.0.2-alpha.0.20230929135332-eb8d639a14f8 h1:J3zWHnNH5TbZp06a6Zajmcouk/WK6rDP//CB4plj0/8=
github.com/kungfu-team/mlfs v0.0.2-alpha.0.20230929135332-eb8d639a14f8/go.mod h1:uveOkNAvRcFEJeOgBJ+hXmu7apnKNGtllTuFXa+irkY=
github.com/kungfu-team/mlfs v0.0.2-alpha.0.20231017134827-0bcbd7be049b h1:uNFZGKvGlbkQ3g/QI7tq2mm+BLhCqbRKnEQeCZln4Es=
github.com/kungfu-team/mlfs v0.0.2-alpha.0.20231017134827-0bcbd7be049b/go.mod h1:uveOkNAvRcFEJeOgBJ+hXmu7apnKNGtllTuFXa+irkY=
github.com/kungfu-team/tensor v0.0.1 h1:QOEarsBlyjI52sNYUC1gfhemCjXHHqCiao+D1uccWCE=
github.com/kungfu-team/tensor v0.0.1/go.mod h1:b9olEYHzmcoLPNs8hPRfAup3r78QumiNXuqBjxX85bs=
github.com/lgarithm/proc v0.4.3-0.20230227162014-0d331e9a0e11 h1:LLzhzdI90rPaC0fTxEeOiFgkxgOqbtjmH0SXgJ/jSkE=
github.com/lgarithm/proc v0.4.3-0.20230227162014-0d331e9a0e11/go.mod h1:8Eqa3ExkUYuyj/GwamAMgH09IAO1p7TL29wpeaPgSNg=
github.com/lgarithm/proc v0.4.3-0.20231019105600-69a9f17bb0e3 h1:yDSUmCDQHVXrpydeXdIWIKIJpAa97X3QmzjuAavAogY=
github.com/lgarithm/proc v0.4.3-0.20231019105600-69a9f17bb0e3/go.mod h1:8Eqa3ExkUYuyj/GwamAMgH09IAO1p7TL29wpeaPgSNg=
golang.org/x/crypto v0.5.0 h1:U/0M97KRkSFvyD/3FSmdP5W5swImpNgle/EHFhOsQPE=
golang.org/x/crypto v0.5.0/go.mod h1:NK/OQwhpMQP3MwtdjgLlYHnH9ebylxKWv3e0fK+mkQU=
golang.org/x/crypto v0.14.0 h1:wBqGXzWJW6m1XrIKlAH0Hs1JJ7+9KBwnIO8v66Q9cHc=
golang.org/x/crypto v0.14.0/go.mod h1:MVFd36DqK4CsrnJYDkBA3VC4m2GkXAM0PvzMCn4JQf4=
golang.org/x/sys v0.4.0 h1:Zr2JFtRQNX3BCZ8YtxRE9hNJYC8J6I1MVbMg6owUp18=
golang.org/x/sys v0.4.0/go.mod h1:oPkhp1MJrh7nUepCBck5+mAzfO9JrbApNNgaTdGDITg=
golang.org/x/sys v0.13.0 h1:Af8nKPmuFypiUBjVoU9V20FiaFXOcuZI21p0ycVYYGE=
golang.org/x/sys v0.13.0/go.mod h1:oPkhp1MJrh7nUepCBck5+mAzfO9JrbApNNgaTdGDITg=
